
Microsoft Visual Studio Solution File, Format Version 12.00
# Visual Studio Version 17
VisualStudioVersion = 17.3.32819.101
MinimumVisualStudioVersion = 10.0.40219.1
Project("{FAE04EC0-301F-11D3-BF4B-00C04F79EFBC}") = "EduKoumu.OneRosterService", "EduKoumu.OneRosterService\EduKoumu.OneRosterService.csproj", "{FDFEB73F-90C6-4896-97E7-8F54FCD32F63}"
EndProject
Global
	GlobalSection(SolutionConfigurationPlatforms) = preSolution
		Debug|Any CPU = Debug|Any CPU
		Release|Any CPU = Release|Any CPU
	EndGlobalSection
	GlobalSection(ProjectConfigurationPlatforms) = postSolution
		{FDFEB73F-90C6-4896-97E7-8F54FCD32F63}.Debug|Any CPU.ActiveCfg = Debug|Any CPU
		{FDFEB73F-90C6-4896-97E7-8F54FCD32F63}.Debug|Any CPU.Build.0 = Debug|Any CPU
		{FDFEB73F-90C6-4896-97E7-8F54FCD32F63}.Release|Any CPU.ActiveCfg = Release|Any CPU
		{FDFEB73F-90C6-4896-97E7-8F54FCD32F63}.Release|Any CPU.Build.0 = Release|Any CPU
	EndGlobalSection
	GlobalSection(SolutionProperties) = preSolution
		HideSolutionNode = FALSE
	EndGlobalSection
	GlobalSection(ExtensibilityGlobals) = postSolution
		SolutionGuid = {5291191B-7EDA-49E8-A1B8-1CDF2FC55581}
	EndGlobalSection
EndGlobal
